
Microsoft Visual Studio Solution File, Format Version 12.00
# Visual Studio Version 17
VisualStudioVersion = 17.1.32414.318
MinimumVisualStudioVersion = 10.0.40219.1
Project("{FAE04EC0-301F-11D3-BF4B-00C04F79EFBC}") = "Full Name", "Full Name\Full Name.csproj", "{A6EF3BB2-2BA9-4585-86D6-C34BFC5B5EE9}"
EndProject
Global
	GlobalSection(SolutionConfigurationPlatforms) = preSolution
		Debug|Any CPU = Debug|Any CPU
		Release|Any CPU = Release|Any CPU
	EndGlobalSection
	GlobalSection(ProjectConfigurationPlatforms) = postSolution
		{A6EF3BB2-2BA9-4585-86D6-C34BFC5B5EE9}.Debug|Any CPU.ActiveCfg = Debug|Any CPU
		{A6EF3BB2-2BA9-4585-86D6-C34BFC5B5EE9}.Debug|Any CPU.Build.0 = Debug|Any CPU
		{A6EF3BB2-2BA9-4585-86D6-C34BFC5B5EE9}.Release|Any CPU.ActiveCfg = Release|Any CPU
		{A6EF3BB2-2BA9-4585-86D6-C34BFC5B5EE9}.Release|Any CPU.Build.0 = Release|Any CPU
	EndGlobalSection
	GlobalSection(SolutionProperties) = preSolution
		HideSolutionNode = FALSE
	EndGlobalSection
	GlobalSection(ExtensibilityGlobals) = postSolution
		SolutionGuid = {B1D27CDD-CB87-4549-A2A4-C8E8569DCEF5}
	EndGlobalSection
EndGlobal
